{
  "name": "@mdi/svg",
  "version": "7.4.47",
  "lockfileVersion": 2,
  "requires": true,
  "packages": {
    "": {
      "name": "@mdi/svg",
      "version": "7.4.47",
      "license": "Apache-2.0",
      "devDependencies": {
        "@fortawesome/fontawesome-svg-core": "^6.6.0",
        "@fortawesome/free-brands-svg-icons": "^6.6.0",
        "@fortawesome/pro-regular-svg-icons": "^6.6.0",
        "@fortawesome/pro-solid-svg-icons": "^6.6.0",
        "@fortawesome/sharp-regular-svg-icons": "^6.6.0",
        "@fortawesome/sharp-solid-svg-icons": "^6.6.0"
      }
    },
    "node_modules/@fortawesome/fontawesome-common-types": {
      "version": "6.6.0",
      "resolved": "https://registry.npmjs.org/@fortawesome/fontawesome-common-types/-/fontawesome-common-types-6.6.0.tgz",
      "integrity": "sha512-xyX0X9mc0kyz9plIyryrRbl7ngsA9jz77mCZJsUkLl+ZKs0KWObgaEBoSgQiYWAsSmjz/yjl0F++Got0Mdp4Rw==",
      "dev": true,
      "engines": {
        "node": ">=6"
      }
    },
    "node_modules/@fortawesome/fontawesome-svg-core": {
      "version": "6.6.0",
      "resolved": "https://registry.npmjs.org/@fortawesome/fontawesome-svg-core/-/fontawesome-svg-core-6.6.0.tgz",
      "integrity": "sha512-KHwPkCk6oRT4HADE7smhfsKudt9N/9lm6EJ5BVg0tD1yPA5hht837fB87F8pn15D8JfTqQOjhKTktwmLMiD7Kg==",
      "dev": true,
      "dependencies": {
        "@fortawesome/fontawesome-common-types": "6.6.0"
      },
      "engines": {
        "node": ">=6"
      }
    },
    "node_modules/@fortawesome/free-brands-svg-icons": {
      "version": "6.6.0",
      "resolved": "https://registry.npmjs.org/@fortawesome/free-brands-svg-icons/-/free-brands-svg-icons-6.6.0.tgz",
      "integrity": "sha512-1MPD8lMNW/earme4OQi1IFHtmHUwAKgghXlNwWi9GO7QkTfD+IIaYpIai4m2YJEzqfEji3jFHX1DZI5pbY/biQ==",
      "dev": true,
      "dependencies": {
        "@fortawesome/fontawesome-common-types": "6.6.0"
      },
      "engines": {
        "node": ">=6"
      }
    },
    "node_modules/@fortawesome/pro-regular-svg-icons": {
      "version": "6.6.0",
      "resolved": "https://npm.fontawesome.com/@fortawesome/pro-regular-svg-icons/-/6.6.0/pro-regular-svg-icons-6.6.0.tgz",
      "integrity": "sha512-T6ifZKYhLrEOWD2sOdqyJBblSSg5WqhtlmcVWhWViKTt2ZDqw9WstW/lG2jQK9hv5S5tqJwruab6XUPQEZqs5A==",
      "dev": true,
      "dependencies": {
        "@fortawesome/fontawesome-common-types": "6.6.0"
      },
      "engines": {
        "node": ">=6"
      }
    },
    "node_modules/@fortawesome/pro-solid-svg-icons": {
      "version": "6.6.0",
      "resolved": "https://npm.fontawesome.com/@fortawesome/pro-solid-svg-icons/-/6.6.0/pro-solid-svg-icons-6.6.0.tgz",
      "integrity": "sha512-IwYuyO+i681arIxOjPUoqRwoHeTqeg6i2s5rY2WbZ1R7PnwavOd1+aPHCJlfU2k8l5LZ+u3hAKlVqu+emQFlZg==",
      "dev": true,
      "dependencies": {
        "@fortawesome/fontawesome-common-types": "6.6.0"
      },
      "engines": {
        "node": ">=6"
      }
    },
    "node_modules/@fortawesome/sharp-regular-svg-icons": {
      "version": "6.6.0",
      "resolved": "https://npm.fontawesome.com/@fortawesome/sharp-regular-svg-icons/-/6.6.0/sharp-regular-svg-icons-6.6.0.tgz",
      "integrity": "sha512-rk69FW+8d+QYUD/YWQ7dNCUj1OffqhgshKZlVBtQRCku/yo6w7JNqkthpQMrJwwgAnBbqAJPtf9wREkCsC3I3A==",
      "dev": true,
      "dependencies": {
        "@fortawesome/fontawesome-common-types": "6.6.0"
      },
      "engines": {
        "node": ">=6"
      }
    },
    "node_modules/@fortawesome/sharp-solid-svg-icons": {
      "version": "6.6.0",
      "resolved": "https://npm.fontawesome.com/@fortawesome/sharp-solid-svg-icons/-/6.6.0/sharp-solid-svg-icons-6.6.0.tgz",
      "integrity": "sha512-LwVIF8/pr3kSCNunlvfMOOqA/nJhyVZF7yRljzJjeDeM+6m5FE1YpZa17HsiEZZ0FirSLn2iLF7In/niE5dWdA==",
      "dev": true,
      "dependencies": {
        "@fortawesome/fontawesome-common-types": "6.6.0"
      },
      "engines": {
        "node": ">=6"
      }
    }
  },
  "dependencies": {
    "@fortawesome/fontawesome-common-types": {
      "version": "6.6.0",
      "resolved": "https://registry.npmjs.org/@fortawesome/fontawesome-common-types/-/fontawesome-common-types-6.6.0.tgz",
      "integrity": "sha512-xyX0X9mc0kyz9plIyryrRbl7ngsA9jz77mCZJsUkLl+ZKs0KWObgaEBoSgQiYWAsSmjz/yjl0F++Got0Mdp4Rw==",
      "dev": true
    },
    "@fortawesome/fontawesome-svg-core": {
      "version": "6.6.0",
      "resolved": "https://registry.npmjs.org/@fortawesome/fontawesome-svg-core/-/fontawesome-svg-core-6.6.0.tgz",
      "integrity": "sha512-KHwPkCk6oRT4HADE7smhfsKudt9N/9lm6EJ5BVg0tD1yPA5hht837fB87F8pn15D8JfTqQOjhKTktwmLMiD7Kg==",
      "dev": true,
      "requires": {
        "@fortawesome/fontawesome-common-types": "6.6.0"
      }
    },
    "@fortawesome/free-brands-svg-icons": {
      "version": "6.6.0",
      "resolved": "https://registry.npmjs.org/@fortawesome/free-brands-svg-icons/-/free-brands-svg-icons-6.6.0.tgz",
      "integrity": "sha512-1MPD8lMNW/earme4OQi1IFHtmHUwAKgghXlNwWi9GO7QkTfD+IIaYpIai4m2YJEzqfEji3jFHX1DZI5pbY/biQ==",
      "dev": true,
      "requires": {
        "@fortawesome/fontawesome-common-types": "6.6.0"
      }
    },
    "@fortawesome/pro-regular-svg-icons": {
      "version": "6.6.0",
      "resolved": "https://npm.fontawesome.com/@fortawesome/pro-regular-svg-icons/-/6.6.0/pro-regular-svg-icons-6.6.0.tgz",
      "integrity": "sha512-T6ifZKYhLrEOWD2sOdqyJBblSSg5WqhtlmcVWhWViKTt2ZDqw9WstW/lG2jQK9hv5S5tqJwruab6XUPQEZqs5A==",
      "dev": true,
      "requires": {
        "@fortawesome/fontawesome-common-types": "6.6.0"
      }
    },
    "@fortawesome/pro-solid-svg-icons": {
      "version": "6.6.0",
      "resolved": "https://npm.fontawesome.com/@fortawesome/pro-solid-svg-icons/-/6.6.0/pro-solid-svg-icons-6.6.0.tgz",
      "integrity": "sha512-IwYuyO+i681arIxOjPUoqRwoHeTqeg6i2s5rY2WbZ1R7PnwavOd1+aPHCJlfU2k8l5LZ+u3hAKlVqu+emQFlZg==",
      "dev": true,
      "requires": {
        "@fortawesome/fontawesome-common-types": "6.6.0"
      }
    },
    "@fortawesome/sharp-regular-svg-icons": {
      "version": "6.6.0",
      "resolved": "https://npm.fontawesome.com/@fortawesome/sharp-regular-svg-icons/-/6.6.0/sharp-regular-svg-icons-6.6.0.tgz",
      "integrity": "sha512-rk69FW+8d+QYUD/YWQ7dNCUj1OffqhgshKZlVBtQRCku/yo6w7JNqkthpQMrJwwgAnBbqAJPtf9wREkCsC3I3A==",
      "dev": true,
      "requires": {
        "@fortawesome/fontawesome-common-types": "6.6.0"
      }
    },
    "@fortawesome/sharp-solid-svg-icons": {
      "version": "6.6.0",
      "resolved": "https://npm.fontawesome.com/@fortawesome/sharp-solid-svg-icons/-/6.6.0/sharp-solid-svg-icons-6.6.0.tgz",
      "integrity": "sha512-LwVIF8/pr3kSCNunlvfMOOqA/nJhyVZF7yRljzJjeDeM+6m5FE1YpZa17HsiEZZ0FirSLn2iLF7In/niE5dWdA==",
      "dev": true,
      "requires": {
        "@fortawesome/fontawesome-common-types": "6.6.0"
      }
    }
  }
}
